{
  "name": "Curso-coder-backend",
  "lockfileVersion": 3,
  "requires": true,
  "packages": {
    "": {
      "dependencies": {
        "mongoose-aggregate-paginate-v2": "^1.0.6"
      }
    },
    "node_modules/mongoose-aggregate-paginate-v2": {
      "version": "1.0.6",
      "resolved": "https://registry.npmjs.org/mongoose-aggregate-paginate-v2/-/mongoose-aggregate-paginate-v2-1.0.6.tgz",
      "integrity": "sha512-UuALu+mjhQa1K9lMQvjLL3vm3iALvNw8PQNIh2gp1b+tO5hUa0NC0Wf6/8QrT9PSJVTihXaD8hQVy3J4e0jO0Q==",
      "engines": {
        "node": ">=4.0.0"
      }
    }
  }
}
